
Microsoft Visual Studio Solution File, Format Version 12.00
# Visual Studio Version 17
VisualStudioVersion = 17.5.33424.131
MinimumVisualStudioVersion = 10.0.40219.1
Project("{9A19103F-16F7-4668-BE54-9A1E7A4F7556}") = "Chapter 13 String Concatenate", "Chapter 13 String Concatenate\Chapter 13 String Concatenate.csproj", "{5DC38170-60F0-4255-AEC1-7077FD46F363}"
EndProject
Project("{9A19103F-16F7-4668-BE54-9A1E7A4F7556}") = "Chapter 14 String Manipulation", "Chapter 14 String Manipulation\Chapter 14 String Manipulation.csproj", "{353AFDA8-51D0-4CA1-8297-00D2EBB244AF}"
EndProject
Project("{9A19103F-16F7-4668-BE54-9A1E7A4F7556}") = "Chapter 15 String Interpolation", "Chapter 15 String Interpolation\Chapter 15 String Interpolation.csproj", "{2FA1F7A1-CF90-478F-93A4-10E8F8D030B0}"
EndProject
Project("{9A19103F-16F7-4668-BE54-9A1E7A4F7556}") = "Chapter 16 String Escape Sequences", "Chapter 16 String Escape Sequences\Chapter 16 String Escape Sequences.csproj", "{6788DF1E-8A9D-4DA8-8436-61261D0965BE}"
EndProject
Project("{9A19103F-16F7-4668-BE54-9A1E7A4F7556}") = "Chapter 17 StringBuilder", "Chapter 17 StringBuilder\Chapter 17 StringBuilder.csproj", "{C22A37C3-C418-43A9-B497-E9873A0700F6}"
EndProject
Project("{9A19103F-16F7-4668-BE54-9A1E7A4F7556}") = "Chapter 18 Regex Parsing", "Chapter 18 Regex Parsing\Chapter 18 Regex Parsing.csproj", "{A17F1381-F3B0-4A0B-826B-2D18D40CB81C}"
EndProject
Project("{9A19103F-16F7-4668-BE54-9A1E7A4F7556}") = "Chapter 19 DateTime Methods", "Chapter 19 DateTime Methods\Chapter 19 DateTime Methods.csproj", "{218FE654-3993-4A2E-BBB4-59B9D980B1D0}"
EndProject
Project("{9A19103F-16F7-4668-BE54-9A1E7A4F7556}") = "Chapter 20 Arrays", "Chapter 20 Arrays\Chapter 20 Arrays.csproj", "{C653B209-59EE-498A-AACA-19BE3700123D}"
EndProject
Project("{9A19103F-16F7-4668-BE54-9A1E7A4F7556}") = "Chapter 21 O(n) Algorithm for circular", "Chapter 21 O(n) Algorithm for circular\Chapter 21 O(n) Algorithm for circular.csproj", "{FE328347-ABD4-41CA-B3FC-E2C95E1CEC3C}"
EndProject
Project("{9A19103F-16F7-4668-BE54-9A1E7A4F7556}") = "Chapter 22 Enum", "Chapter 22 Enum\Chapter 22 Enum.csproj", "{43C197C3-216D-4A88-84E5-86475AF4E3E1}"
EndProject
Project("{9A19103F-16F7-4668-BE54-9A1E7A4F7556}") = "Chapter 23 Tuples", "Chapter 23 Tuples\Chapter 23 Tuples.csproj", "{230734F7-C9DE-4600-9A16-EB520F2C84A3}"
EndProject
Project("{9A19103F-16F7-4668-BE54-9A1E7A4F7556}") = "Chapter 24 Guid", "Chapter 24 Guid\Chapter 24 Guid.csproj", "{95CFF36B-701D-4176-B300-C7CA1BB609DE}"
EndProject
Project("{9A19103F-16F7-4668-BE54-9A1E7A4F7556}") = "Chapter 25 BigInteger", "Chapter 25 BigInteger\Chapter 25 BigInteger.csproj", "{FEEA7812-C904-42BB-98EA-9D954DD75FCF}"
EndProject
Project("{9A19103F-16F7-4668-BE54-9A1E7A4F7556}") = "Chapter 26 Collection Initializers", "Chapter 26 Collection Initializers\Chapter 26 Collection Initializers.csproj", "{37238D0D-8D82-44FA-B107-1318936841B4}"
EndProject
Project("{9A19103F-16F7-4668-BE54-9A1E7A4F7556}") = "Chapter 27 An overview of C# collections", "Chapter 27 An overview of C# collections\Chapter 27 An overview of C# collections.csproj", "{17C21F76-AC7A-4D0E-909B-5FED7CF3AE3B}"
EndProject
Project("{9A19103F-16F7-4668-BE54-9A1E7A4F7556}") = "Chapter 28 Looping", "Chapter 28 Looping\Chapter 28 Looping.csproj", "{51DBC41B-6519-4B34-B78A-633258E237F2}"
EndProject
Project("{9A19103F-16F7-4668-BE54-9A1E7A4F7556}") = "Chapter 29 Iterators", "Chapter 29 Iterators\Chapter 29 Iterators.csproj", "{752B80F6-CFBD-432C-A95B-A351C67378AC}"
EndProject
Project("{9A19103F-16F7-4668-BE54-9A1E7A4F7556}") = "Chapter 30 IEnumerable", "Chapter 30 IEnumerable\Chapter 30 IEnumerable.csproj", "{5791FAC7-783B-4553-B71C-8F7993C099F3}"
EndProject
Project("{9A19103F-16F7-4668-BE54-9A1E7A4F7556}") = "Chapter 31 Value type vs Reference type", "Chapter 31 Value type vs Reference type\Chapter 31 Value type vs Reference type.csproj", "{858B0843-93DA-43D7-8E0C-FAD0BC80A840}"
EndProject
Project("{9A19103F-16F7-4668-BE54-9A1E7A4F7556}") = "Chapter 32 Built-in Types", "Chapter 32 Built-in Types\Chapter 32 Built-in Types.csproj", "{50515CCD-22C2-4CFD-9653-156E4E87995B}"
EndProject
Project("{9A19103F-16F7-4668-BE54-9A1E7A4F7556}") = "Chapter 33 Aliases of built-in types", "Chapter 33 Aliases of built-in types\Chapter 33 Aliases of built-in types.csproj", "{A7EBC809-813A-462A-99E8-DAE61CD5B8BE}"
EndProject
Project("{9A19103F-16F7-4668-BE54-9A1E7A4F7556}") = "Chapter 34 Anonymous types", "Chapter 34 Anonymous types\Chapter 34 Anonymous types.csproj", "{09CA8203-3E32-423B-9760-2A4B4F0AB79E}"
EndProject
Project("{9A19103F-16F7-4668-BE54-9A1E7A4F7556}") = "Chapter 35 Dynamic type", "Chapter 35 Dynamic type\Chapter 35 Dynamic type.csproj", "{6026BF29-9FB7-488D-8E0F-93562C305AD7}"
EndProject
Project("{9A19103F-16F7-4668-BE54-9A1E7A4F7556}") = "Chapter 36 Type Conversion", "Chapter 36 Type Conversion\Chapter 36 Type Conversion.csproj", "{43D66B56-E53A-4E04-B2E0-35197852EF20}"
EndProject
Project("{9A19103F-16F7-4668-BE54-9A1E7A4F7556}") = "Chapter 37 Casting", "Chapter 37 Casting\Chapter 37 Casting.csproj", "{F4D7093C-3A16-4891-B0F3-7C6E3923658D}"
EndProject
Project("{9A19103F-16F7-4668-BE54-9A1E7A4F7556}") = "Chapter 38 Nullable types", "Chapter 38 Nullable types\Chapter 38 Nullable types.csproj", "{9CD98ADF-DF72-4926-A9BB-D32CFB82720F}"
EndProject
Project("{9A19103F-16F7-4668-BE54-9A1E7A4F7556}") = "Chapter 39 Constructors and Finalizers", "Chapter 39 Constructors and Finalizers\Chapter 39 Constructors and Finalizers.csproj", "{6AFADC4F-ADC7-489C-A744-10D2D4C63273}"
EndProject
Project("{9A19103F-16F7-4668-BE54-9A1E7A4F7556}") = "Chapter 40 Access Modifiers", "Chapter 40 Access Modifiers\Chapter 40 Access Modifiers.csproj", "{38AE7E7A-A1BA-4240-9C76-7EAE61FCF01B}"
EndProject
Project("{9A19103F-16F7-4668-BE54-9A1E7A4F7556}") = "Chapter 40 Access Modifiers_1", "Chapter 40 Access Modifiers_1\Chapter 40 Access Modifiers_1.csproj", "{C5EB65CB-BE01-4C4C-8BB2-0EBC0BF39153}"
EndProject
Project("{9A19103F-16F7-4668-BE54-9A1E7A4F7556}") = "Chapter 41 Interfaces", "Chapter 41 Interfaces\Chapter 41 Interfaces.csproj", "{DEB2F2A1-FF95-4136-9D50-6EF9D6AD6903}"
EndProject
Project("{9A19103F-16F7-4668-BE54-9A1E7A4F7556}") = "Chapter 42 Static Classes", "Chapter 42 Static Classes\Chapter 42 Static Classes.csproj", "{BFDF6F91-3E71-4AA0-86E9-1849DCAB3C2A}"
EndProject
Project("{9A19103F-16F7-4668-BE54-9A1E7A4F7556}") = "Chapter 43 Singleton Implementation", "Chapter 43 Singleton Implementation\Chapter 43 Singleton Implementation.csproj", "{22FD0683-EFE4-4100-9D1E-D22ED362F3A5}"
EndProject
Project("{9A19103F-16F7-4668-BE54-9A1E7A4F7556}") = "Chapter 44 Dependency Injection", "Chapter 44 Dependency Injection\Chapter 44 Dependency Injection.csproj", "{EF734E16-61A0-4A37-851C-BAFA4C2C35D0}"
EndProject
Project("{9A19103F-16F7-4668-BE54-9A1E7A4F7556}") = "Chapter 45 Partial class and methods", "Chapter 45 Partial class and methods\Chapter 45 Partial class and methods.csproj", "{E07B6DD5-07C2-4938-A1A5-470BFA18CD14}"
EndProject
Project("{9A19103F-16F7-4668-BE54-9A1E7A4F7556}") = "Chapter 46 Object initializers", "Chapter 46 Object initializers\Chapter 46 Object initializers.csproj", "{5CD31082-5772-41EB-9F4B-CFB1267FB75F}"
EndProject
Project("{9A19103F-16F7-4668-BE54-9A1E7A4F7556}") = "Chapter 47 Methods", "Chapter 47 Methods\Chapter 47 Methods.csproj", "{75BA0C95-513B-4BE4-8353-EEE14ED53C10}"
EndProject
Project("{9A19103F-16F7-4668-BE54-9A1E7A4F7556}") = "Chapter 48 Extension Methods", "Chapter 48 Extension Methods\Chapter 48 Extension Methods.csproj", "{88D682AF-D719-4112-815A-F2DD2918F061}"
EndProject
Project("{FAE04EC0-301F-11D3-BF4B-00C04F79EFBC}") = "Chapter 49 Named Arguments", "Chapter 49 Named Arguments\Chapter 49 Named Arguments.csproj", "{B94F01A5-0754-4634-90F0-0F294AF56CEE}"
EndProject
Project("{FAE04EC0-301F-11D3-BF4B-00C04F79EFBC}") = "Chapter 50 Named and Optional", "Chapter 50 Named and Optional\Chapter 50 Named and Optional.csproj", "{1199DB54-4FC1-40DC-B414-A62B4254A0F8}"
EndProject
Global
	GlobalSection(SolutionConfigurationPlatforms) = preSolution
		Debug|Any CPU = Debug|Any CPU
		Release|Any CPU = Release|Any CPU
	EndGlobalSection
	GlobalSection(ProjectConfigurationPlatforms) = postSolution
		{5DC38170-60F0-4255-AEC1-7077FD46F363}.Debug|Any CPU.ActiveCfg = Debug|Any CPU
		{5DC38170-60F0-4255-AEC1-7077FD46F363}.Debug|Any CPU.Build.0 = Debug|Any CPU
		{5DC38170-60F0-4255-AEC1-7077FD46F363}.Release|Any CPU.ActiveCfg = Release|Any CPU
		{5DC38170-60F0-4255-AEC1-7077FD46F363}.Release|Any CPU.Build.0 = Release|Any CPU
		{353AFDA8-51D0-4CA1-8297-00D2EBB244AF}.Debug|Any CPU.ActiveCfg = Debug|Any CPU
		{353AFDA8-51D0-4CA1-8297-00D2EBB244AF}.Debug|Any CPU.Build.0 = Debug|Any CPU
		{353AFDA8-51D0-4CA1-8297-00D2EBB244AF}.Release|Any CPU.ActiveCfg = Release|Any CPU
		{353AFDA8-51D0-4CA1-8297-00D2EBB244AF}.Release|Any CPU.Build.0 = Release|Any CPU
		{2FA1F7A1-CF90-478F-93A4-10E8F8D030B0}.Debug|Any CPU.ActiveCfg = Debug|Any CPU
		{2FA1F7A1-CF90-478F-93A4-10E8F8D030B0}.Debug|Any CPU.Build.0 = Debug|Any CPU
		{2FA1F7A1-CF90-478F-93A4-10E8F8D030B0}.Release|Any CPU.ActiveCfg = Release|Any CPU
		{2FA1F7A1-CF90-478F-93A4-10E8F8D030B0}.Release|Any CPU.Build.0 = Release|Any CPU
		{6788DF1E-8A9D-4DA8-8436-61261D0965BE}.Debug|Any CPU.ActiveCfg = Debug|Any CPU
		{6788DF1E-8A9D-4DA8-8436-61261D0965BE}.Debug|Any CPU.Build.0 = Debug|Any CPU
		{6788DF1E-8A9D-4DA8-8436-61261D0965BE}.Release|Any CPU.ActiveCfg = Release|Any CPU
		{6788DF1E-8A9D-4DA8-8436-61261D0965BE}.Release|Any CPU.Build.0 = Release|Any CPU
		{C22A37C3-C418-43A9-B497-E9873A0700F6}.Debug|Any CPU.ActiveCfg = Debug|Any CPU
		{C22A37C3-C418-43A9-B497-E9873A0700F6}.Debug|Any CPU.Build.0 = Debug|Any CPU
		{C22A37C3-C418-43A9-B497-E9873A0700F6}.Release|Any CPU.ActiveCfg = Release|Any CPU
		{C22A37C3-C418-43A9-B497-E9873A0700F6}.Release|Any CPU.Build.0 = Release|Any CPU
		{A17F1381-F3B0-4A0B-826B-2D18D40CB81C}.Debug|Any CPU.ActiveCfg = Debug|Any CPU
		{A17F1381-F3B0-4A0B-826B-2D18D40CB81C}.Debug|Any CPU.Build.0 = Debug|Any CPU
		{A17F1381-F3B0-4A0B-826B-2D18D40CB81C}.Release|Any CPU.ActiveCfg = Release|Any CPU
		{A17F1381-F3B0-4A0B-826B-2D18D40CB81C}.Release|Any CPU.Build.0 = Release|Any CPU
		{218FE654-3993-4A2E-BBB4-59B9D980B1D0}.Debug|Any CPU.ActiveCfg = Debug|Any CPU
		{218FE654-3993-4A2E-BBB4-59B9D980B1D0}.Debug|Any CPU.Build.0 = Debug|Any CPU
		{218FE654-3993-4A2E-BBB4-59B9D980B1D0}.Release|Any CPU.ActiveCfg = Release|Any CPU
		{218FE654-3993-4A2E-BBB4-59B9D980B1D0}.Release|Any CPU.Build.0 = Release|Any CPU
		{C653B209-59EE-498A-AACA-19BE3700123D}.Debug|Any CPU.ActiveCfg = Debug|Any CPU
		{C653B209-59EE-498A-AACA-19BE3700123D}.Debug|Any CPU.Build.0 = Debug|Any CPU
		{C653B209-59EE-498A-AACA-19BE3700123D}.Release|Any CPU.ActiveCfg = Release|Any CPU
		{C653B209-59EE-498A-AACA-19BE3700123D}.Release|Any CPU.Build.0 = Release|Any CPU
		{FE328347-ABD4-41CA-B3FC-E2C95E1CEC3C}.Debug|Any CPU.ActiveCfg = Debug|Any CPU
		{FE328347-ABD4-41CA-B3FC-E2C95E1CEC3C}.Debug|Any CPU.Build.0 = Debug|Any CPU
		{FE328347-ABD4-41CA-B3FC-E2C95E1CEC3C}.Release|Any CPU.ActiveCfg = Release|Any CPU
		{FE328347-ABD4-41CA-B3FC-E2C95E1CEC3C}.Release|Any CPU.Build.0 = Release|Any CPU
		{43C197C3-216D-4A88-84E5-86475AF4E3E1}.Debug|Any CPU.ActiveCfg = Debug|Any CPU
		{43C197C3-216D-4A88-84E5-86475AF4E3E1}.Debug|Any CPU.Build.0 = Debug|Any CPU
		{43C197C3-216D-4A88-84E5-86475AF4E3E1}.Release|Any CPU.ActiveCfg = Release|Any CPU
		{43C197C3-216D-4A88-84E5-86475AF4E3E1}.Release|Any CPU.Build.0 = Release|Any CPU
		{230734F7-C9DE-4600-9A16-EB520F2C84A3}.Debug|Any CPU.ActiveCfg = Debug|Any CPU
		{230734F7-C9DE-4600-9A16-EB520F2C84A3}.Debug|Any CPU.Build.0 = Debug|Any CPU
		{230734F7-C9DE-4600-9A16-EB520F2C84A3}.Release|Any CPU.ActiveCfg = Release|Any CPU
		{230734F7-C9DE-4600-9A16-EB520F2C84A3}.Release|Any CPU.Build.0 = Release|Any CPU
		{95CFF36B-701D-4176-B300-C7CA1BB609DE}.Debug|Any CPU.ActiveCfg = Debug|Any CPU
		{95CFF36B-701D-4176-B300-C7CA1BB609DE}.Debug|Any CPU.Build.0 = Debug|Any CPU
		{95CFF36B-701D-4176-B300-C7CA1BB609DE}.Release|Any CPU.ActiveCfg = Release|Any CPU
		{95CFF36B-701D-4176-B300-C7CA1BB609DE}.Release|Any CPU.Build.0 = Release|Any CPU
		{FEEA7812-C904-42BB-98EA-9D954DD75FCF}.Debug|Any CPU.ActiveCfg = Debug|Any CPU
		{FEEA7812-C904-42BB-98EA-9D954DD75FCF}.Debug|Any CPU.Build.0 = Debug|Any CPU
		{FEEA7812-C904-42BB-98EA-9D954DD75FCF}.Release|Any CPU.ActiveCfg = Release|Any CPU
		{FEEA7812-C904-42BB-98EA-9D954DD75FCF}.Release|Any CPU.Build.0 = Release|Any CPU
		{37238D0D-8D82-44FA-B107-1318936841B4}.Debug|Any CPU.ActiveCfg = Debug|Any CPU
		{37238D0D-8D82-44FA-B107-1318936841B4}.Debug|Any CPU.Build.0 = Debug|Any CPU
		{37238D0D-8D82-44FA-B107-1318936841B4}.Release|Any CPU.ActiveCfg = Release|Any CPU
		{37238D0D-8D82-44FA-B107-1318936841B4}.Release|Any CPU.Build.0 = Release|Any CPU
		{17C21F76-AC7A-4D0E-909B-5FED7CF3AE3B}.Debug|Any CPU.ActiveCfg = Debug|Any CPU
		{17C21F76-AC7A-4D0E-909B-5FED7CF3AE3B}.Debug|Any CPU.Build.0 = Debug|Any CPU
		{17C21F76-AC7A-4D0E-909B-5FED7CF3AE3B}.Release|Any CPU.ActiveCfg = Release|Any CPU
		{17C21F76-AC7A-4D0E-909B-5FED7CF3AE3B}.Release|Any CPU.Build.0 = Release|Any CPU
		{51DBC41B-6519-4B34-B78A-633258E237F2}.Debug|Any CPU.ActiveCfg = Debug|Any CPU
		{51DBC41B-6519-4B34-B78A-633258E237F2}.Debug|Any CPU.Build.0 = Debug|Any CPU
		{51DBC41B-6519-4B34-B78A-633258E237F2}.Release|Any CPU.ActiveCfg = Release|Any CPU
		{51DBC41B-6519-4B34-B78A-633258E237F2}.Release|Any CPU.Build.0 = Release|Any CPU
		{752B80F6-CFBD-432C-A95B-A351C67378AC}.Debug|Any CPU.ActiveCfg = Debug|Any CPU
		{752B80F6-CFBD-432C-A95B-A351C67378AC}.Debug|Any CPU.Build.0 = Debug|Any CPU
		{752B80F6-CFBD-432C-A95B-A351C67378AC}.Release|Any CPU.ActiveCfg = Release|Any CPU
		{752B80F6-CFBD-432C-A95B-A351C67378AC}.Release|Any CPU.Build.0 = Release|Any CPU
		{5791FAC7-783B-4553-B71C-8F7993C099F3}.Debug|Any CPU.ActiveCfg = Debug|Any CPU
		{5791FAC7-783B-4553-B71C-8F7993C099F3}.Debug|Any CPU.Build.0 = Debug|Any CPU
		{5791FAC7-783B-4553-B71C-8F7993C099F3}.Release|Any CPU.ActiveCfg = Release|Any CPU
		{5791FAC7-783B-4553-B71C-8F7993C099F3}.Release|Any CPU.Build.0 = Release|Any CPU
		{858B0843-93DA-43D7-8E0C-FAD0BC80A840}.Debug|Any CPU.ActiveCfg = Debug|Any CPU
		{858B0843-93DA-43D7-8E0C-FAD0BC80A840}.Debug|Any CPU.Build.0 = Debug|Any CPU
		{858B0843-93DA-43D7-8E0C-FAD0BC80A840}.Release|Any CPU.ActiveCfg = Release|Any CPU
		{858B0843-93DA-43D7-8E0C-FAD0BC80A840}.Release|Any CPU.Build.0 = Release|Any CPU
		{50515CCD-22C2-4CFD-9653-156E4E87995B}.Debug|Any CPU.ActiveCfg = Debug|Any CPU
		{50515CCD-22C2-4CFD-9653-156E4E87995B}.Debug|Any CPU.Build.0 = Debug|Any CPU
		{50515CCD-22C2-4CFD-9653-156E4E87995B}.Release|Any CPU.ActiveCfg = Release|Any CPU
		{50515CCD-22C2-4CFD-9653-156E4E87995B}.Release|Any CPU.Build.0 = Release|Any CPU
		{A7EBC809-813A-462A-99E8-DAE61CD5B8BE}.Debug|Any CPU.ActiveCfg = Debug|Any CPU
		{A7EBC809-813A-462A-99E8-DAE61CD5B8BE}.Debug|Any CPU.Build.0 = Debug|Any CPU
		{A7EBC809-813A-462A-99E8-DAE61CD5B8BE}.Release|Any CPU.ActiveCfg = Release|Any CPU
		{A7EBC809-813A-462A-99E8-DAE61CD5B8BE}.Release|Any CPU.Build.0 = Release|Any CPU
		{09CA8203-3E32-423B-9760-2A4B4F0AB79E}.Debug|Any CPU.ActiveCfg = Debug|Any CPU
		{09CA8203-3E32-423B-9760-2A4B4F0AB79E}.Debug|Any CPU.Build.0 = Debug|Any CPU
		{09CA8203-3E32-423B-9760-2A4B4F0AB79E}.Release|Any CPU.ActiveCfg = Release|Any CPU
		{09CA8203-3E32-423B-9760-2A4B4F0AB79E}.Release|Any CPU.Build.0 = Release|Any CPU
		{6026BF29-9FB7-488D-8E0F-93562C305AD7}.Debug|Any CPU.ActiveCfg = Debug|Any CPU
		{6026BF29-9FB7-488D-8E0F-93562C305AD7}.Debug|Any CPU.Build.0 = Debug|Any CPU
		{6026BF29-9FB7-488D-8E0F-93562C305AD7}.Release|Any CPU.ActiveCfg = Release|Any CPU
		{6026BF29-9FB7-488D-8E0F-93562C305AD7}.Release|Any CPU.Build.0 = Release|Any CPU
		{43D66B56-E53A-4E04-B2E0-35197852EF20}.Debug|Any CPU.ActiveCfg = Debug|Any CPU
		{43D66B56-E53A-4E04-B2E0-35197852EF20}.Debug|Any CPU.Build.0 = Debug|Any CPU
		{43D66B56-E53A-4E04-B2E0-35197852EF20}.Release|Any CPU.ActiveCfg = Release|Any CPU
		{43D66B56-E53A-4E04-B2E0-35197852EF20}.Release|Any CPU.Build.0 = Release|Any CPU
		{F4D7093C-3A16-4891-B0F3-7C6E3923658D}.Debug|Any CPU.ActiveCfg = Debug|Any CPU
		{F4D7093C-3A16-4891-B0F3-7C6E3923658D}.Debug|Any CPU.Build.0 = Debug|Any CPU
		{F4D7093C-3A16-4891-B0F3-7C6E3923658D}.Release|Any CPU.ActiveCfg = Release|Any CPU
		{F4D7093C-3A16-4891-B0F3-7C6E3923658D}.Release|Any CPU.Build.0 = Release|Any CPU
		{9CD98ADF-DF72-4926-A9BB-D32CFB82720F}.Debug|Any CPU.ActiveCfg = Debug|Any CPU
		{9CD98ADF-DF72-4926-A9BB-D32CFB82720F}.Debug|Any CPU.Build.0 = Debug|Any CPU
		{9CD98ADF-DF72-4926-A9BB-D32CFB82720F}.Release|Any CPU.ActiveCfg = Release|Any CPU
		{9CD98ADF-DF72-4926-A9BB-D32CFB82720F}.Release|Any CPU.Build.0 = Release|Any CPU
		{6AFADC4F-ADC7-489C-A744-10D2D4C63273}.Debug|Any CPU.ActiveCfg = Debug|Any CPU
		{6AFADC4F-ADC7-489C-A744-10D2D4C63273}.Debug|Any CPU.Build.0 = Debug|Any CPU
		{6AFADC4F-ADC7-489C-A744-10D2D4C63273}.Release|Any CPU.ActiveCfg = Release|Any CPU
		{6AFADC4F-ADC7-489C-A744-10D2D4C63273}.Release|Any CPU.Build.0 = Release|Any CPU
		{38AE7E7A-A1BA-4240-9C76-7EAE61FCF01B}.Debug|Any CPU.ActiveCfg = Debug|Any CPU
		{38AE7E7A-A1BA-4240-9C76-7EAE61FCF01B}.Debug|Any CPU.Build.0 = Debug|Any CPU
		{38AE7E7A-A1BA-4240-9C76-7EAE61FCF01B}.Release|Any CPU.ActiveCfg = Release|Any CPU
		{38AE7E7A-A1BA-4240-9C76-7EAE61FCF01B}.Release|Any CPU.Build.0 = Release|Any CPU
		{C5EB65CB-BE01-4C4C-8BB2-0EBC0BF39153}.Debug|Any CPU.ActiveCfg = Debug|Any CPU
		{C5EB65CB-BE01-4C4C-8BB2-0EBC0BF39153}.Debug|Any CPU.Build.0 = Debug|Any CPU
		{C5EB65CB-BE01-4C4C-8BB2-0EBC0BF39153}.Release|Any CPU.ActiveCfg = Release|Any CPU
		{C5EB65CB-BE01-4C4C-8BB2-0EBC0BF39153}.Release|Any CPU.Build.0 = Release|Any CPU
		{DEB2F2A1-FF95-4136-9D50-6EF9D6AD6903}.Debug|Any CPU.ActiveCfg = Debug|Any CPU
		{DEB2F2A1-FF95-4136-9D50-6EF9D6AD6903}.Debug|Any CPU.Build.0 = Debug|Any CPU
		{DEB2F2A1-FF95-4136-9D50-6EF9D6AD6903}.Release|Any CPU.ActiveCfg = Release|Any CPU
		{DEB2F2A1-FF95-4136-9D50-6EF9D6AD6903}.Release|Any CPU.Build.0 = Release|Any CPU
		{BFDF6F91-3E71-4AA0-86E9-1849DCAB3C2A}.Debug|Any CPU.ActiveCfg = Debug|Any CPU
		{BFDF6F91-3E71-4AA0-86E9-1849DCAB3C2A}.Debug|Any CPU.Build.0 = Debug|Any CPU
		{BFDF6F91-3E71-4AA0-86E9-1849DCAB3C2A}.Release|Any CPU.ActiveCfg = Release|Any CPU
		{BFDF6F91-3E71-4AA0-86E9-1849DCAB3C2A}.Release|Any CPU.Build.0 = Release|Any CPU
		{22FD0683-EFE4-4100-9D1E-D22ED362F3A5}.Debug|Any CPU.ActiveCfg = Debug|Any CPU
		{22FD0683-EFE4-4100-9D1E-D22ED362F3A5}.Debug|Any CPU.Build.0 = Debug|Any CPU
		{22FD0683-EFE4-4100-9D1E-D22ED362F3A5}.Release|Any CPU.ActiveCfg = Release|Any CPU
		{22FD0683-EFE4-4100-9D1E-D22ED362F3A5}.Release|Any CPU.Build.0 = Release|Any CPU
		{EF734E16-61A0-4A37-851C-BAFA4C2C35D0}.Debug|Any CPU.ActiveCfg = Debug|Any CPU
		{EF734E16-61A0-4A37-851C-BAFA4C2C35D0}.Debug|Any CPU.Build.0 = Debug|Any CPU
		{EF734E16-61A0-4A37-851C-BAFA4C2C35D0}.Release|Any CPU.ActiveCfg = Release|Any CPU
		{EF734E16-61A0-4A37-851C-BAFA4C2C35D0}.Release|Any CPU.Build.0 = Release|Any CPU
		{E07B6DD5-07C2-4938-A1A5-470BFA18CD14}.Debug|Any CPU.ActiveCfg = Debug|Any CPU
		{E07B6DD5-07C2-4938-A1A5-470BFA18CD14}.Debug|Any CPU.Build.0 = Debug|Any CPU
		{E07B6DD5-07C2-4938-A1A5-470BFA18CD14}.Release|Any CPU.ActiveCfg = Release|Any CPU
		{E07B6DD5-07C2-4938-A1A5-470BFA18CD14}.Release|Any CPU.Build.0 = Release|Any CPU
		{5CD31082-5772-41EB-9F4B-CFB1267FB75F}.Debug|Any CPU.ActiveCfg = Debug|Any CPU
		{5CD31082-5772-41EB-9F4B-CFB1267FB75F}.Debug|Any CPU.Build.0 = Debug|Any CPU
		{5CD31082-5772-41EB-9F4B-CFB1267FB75F}.Release|Any CPU.ActiveCfg = Release|Any CPU
		{5CD31082-5772-41EB-9F4B-CFB1267FB75F}.Release|Any CPU.Build.0 = Release|Any CPU
		{75BA0C95-513B-4BE4-8353-EEE14ED53C10}.Debug|Any CPU.ActiveCfg = Debug|Any CPU
		{75BA0C95-513B-4BE4-8353-EEE14ED53C10}.Debug|Any CPU.Build.0 = Debug|Any CPU
		{75BA0C95-513B-4BE4-8353-EEE14ED53C10}.Release|Any CPU.ActiveCfg = Release|Any CPU
		{75BA0C95-513B-4BE4-8353-EEE14ED53C10}.Release|Any CPU.Build.0 = Release|Any CPU
		{88D682AF-D719-4112-815A-F2DD2918F061}.Debug|Any CPU.ActiveCfg = Debug|Any CPU
		{88D682AF-D719-4112-815A-F2DD2918F061}.Debug|Any CPU.Build.0 = Debug|Any CPU
		{88D682AF-D719-4112-815A-F2DD2918F061}.Release|Any CPU.ActiveCfg = Release|Any CPU
		{88D682AF-D719-4112-815A-F2DD2918F061}.Release|Any CPU.Build.0 = Release|Any CPU
		{B94F01A5-0754-4634-90F0-0F294AF56CEE}.Debug|Any CPU.ActiveCfg = Debug|Any CPU
		{B94F01A5-0754-4634-90F0-0F294AF56CEE}.Debug|Any CPU.Build.0 = Debug|Any CPU
		{B94F01A5-0754-4634-90F0-0F294AF56CEE}.Release|Any CPU.ActiveCfg = Release|Any CPU
		{B94F01A5-0754-4634-90F0-0F294AF56CEE}.Release|Any CPU.Build.0 = Release|Any CPU
		{1199DB54-4FC1-40DC-B414-A62B4254A0F8}.Debug|Any CPU.ActiveCfg = Debug|Any CPU
		{1199DB54-4FC1-40DC-B414-A62B4254A0F8}.Debug|Any CPU.Build.0 = Debug|Any CPU
		{1199DB54-4FC1-40DC-B414-A62B4254A0F8}.Release|Any CPU.ActiveCfg = Release|Any CPU
		{1199DB54-4FC1-40DC-B414-A62B4254A0F8}.Release|Any CPU.Build.0 = Release|Any CPU
	EndGlobalSection
	GlobalSection(SolutionProperties) = preSolution
		HideSolutionNode = FALSE
	EndGlobalSection
	GlobalSection(ExtensibilityGlobals) = postSolution
		SolutionGuid = {07D1B91C-6C0B-406C-9A82-EF96F8A71852}
	EndGlobalSection
EndGlobal
