
Microsoft Visual Studio Solution File, Format Version 12.00
# Visual Studio Version 17
VisualStudioVersion = 17.5.33424.131
MinimumVisualStudioVersion = 10.0.40219.1
Project("{FAE04EC0-301F-11D3-BF4B-00C04F79EFBC}") = "Operators", "Operators\Operators.csproj", "{E383F9E0-406A-486D-B097-6E555113E28F}"
EndProject
Global
	GlobalSection(SolutionConfigurationPlatforms) = preSolution
		Debug|Any CPU = Debug|Any CPU
		Release|Any CPU = Release|Any CPU
	EndGlobalSection
	GlobalSection(ProjectConfigurationPlatforms) = postSolution
		{E383F9E0-406A-486D-B097-6E555113E28F}.Debug|Any CPU.ActiveCfg = Debug|Any CPU
		{E383F9E0-406A-486D-B097-6E555113E28F}.Debug|Any CPU.Build.0 = Debug|Any CPU
		{E383F9E0-406A-486D-B097-6E555113E28F}.Release|Any CPU.ActiveCfg = Release|Any CPU
		{E383F9E0-406A-486D-B097-6E555113E28F}.Release|Any CPU.Build.0 = Release|Any CPU
	EndGlobalSection
	GlobalSection(SolutionProperties) = preSolution
		HideSolutionNode = FALSE
	EndGlobalSection
	GlobalSection(ExtensibilityGlobals) = postSolution
		SolutionGuid = {3CE97CEA-1B0E-4A87-87A9-DF3F1381055A}
	EndGlobalSection
EndGlobal
